// !$*UTF8*$!
{
	archiveVersion = 1;
	classes = {
	};
	objectVersion = 56;
	objects = {

/* Begin PBXBuildFile section */
		AB51EAD22BC7B1350084FA77 /* orii_projectApp.swift in Sources */ = {isa = PBXBuildFile; fileRef = AB51EAD12BC7B1350084FA77 /* orii_projectApp.swift */; };
		AB51EAD42BC7B1350084FA77 /* ContentView.swift in Sources */ = {isa = PBXBuildFile; fileRef = AB51EAD32BC7B1350084FA77 /* ContentView.swift */; };
		AB51EAD62BC7B1360084FA77 /* Assets.xcassets in Resources */ = {isa = PBXBuildFile; fileRef = AB51EAD52BC7B1360084FA77 /* Assets.xcassets */; };
		AB51EAD92BC7B1360084FA77 /* Preview Assets.xcassets in Resources */ = {isa = PBXBuildFile; fileRef = AB51EAD82BC7B1360084FA77 /* Preview Assets.xcassets */; };
		AB51EAE32BC7B1360084FA77 /* orii_projectTests.swift in Sources */ = {isa = PBXBuildFile; fileRef = AB51EAE22BC7B1360084FA77 /* orii_projectTests.swift */; };
		AB51EAED2BC7B1360084FA77 /* orii_projectUITests.swift in Sources */ = {isa = PBXBuildFile; fileRef = AB51EAEC2BC7B1360084FA77 /* orii_projectUITests.swift */; };
		AB51EAEF2BC7B1360084FA77 /* orii_projectUITestsLaunchTests.swift in Sources */ = {isa = PBXBuildFile; fileRef = AB51EAEE2BC7B1360084FA77 /* orii_projectUITestsLaunchTests.swift */; };
		AB51EAFC2BC8E69F0084FA77 /* FileManger.swift in Sources */ = {isa = PBXBuildFile; fileRef = AB51EAFB2BC8E69F0084FA77 /* FileManger.swift */; };
		AB51EAFE2BC8E6AA0084FA77 /* Sensor.swift in Sources */ = {isa = PBXBuildFile; fileRef = AB51EAFD2BC8E6AA0084FA77 /* Sensor.swift */; };
/* End PBXBuildFile section */

/* Begin PBXContainerItemProxy section */
		AB51EADF2BC7B1360084FA77 /* PBXContainerItemProxy */ = {
			isa = PBXContainerItemProxy;
			containerPortal = AB51EAC62BC7B1350084FA77 /* Project object */;
			proxyType = 1;
			remoteGlobalIDString = AB51EACD2BC7B1350084FA77;
			remoteInfo = "orii-project";
		};
		AB51EAE92BC7B1360084FA77 /* PBXContainerItemProxy */ = {
			isa = PBXContainerItemProxy;
			containerPortal = AB51EAC62BC7B1350084FA77 /* Project object */;
			proxyType = 1;
			remoteGlobalIDString = AB51EACD2BC7B1350084FA77;
			remoteInfo = "orii-project";
		};
/* End PBXContainerItemProxy section */

/* Begin PBXFileReference section */
		AB51EACE2BC7B1350084FA77 /* orii-project.app */ = {isa = PBXFileReference; explicitFileType = wrapper.application; includeInIndex = 0; path = "orii-project.app"; sourceTree = BUILT_PRODUCTS_DIR; };
		AB51EAD12BC7B1350084FA77 /* orii_projectApp.swift */ = {isa = PBXFileReference; lastKnownFileType = sourcecode.swift; path = orii_projectApp.swift; sourceTree = "<group>"; };
		AB51EAD32BC7B1350084FA77 /* ContentView.swift */ = {isa = PBXFileReference; lastKnownFileType = sourcecode.swift; path = ContentView.swift; sourceTree = "<group>"; };
		AB51EAD52BC7B1360084FA77 /* Assets.xcassets */ = {isa = PBXFileReference; lastKnownFileType = folder.assetcatalog; path = Assets.xcassets; sourceTree = "<group>"; };
		AB51EAD82BC7B1360084FA77 /* Preview Assets.xcassets */ = {isa = PBXFileReference; lastKnownFileType = folder.assetcatalog; path = "Preview Assets.xcassets"; sourceTree = "<group>"; };
		AB51EADE2BC7B1360084FA77 /* orii-projectTests.xctest */ = {isa = PBXFileReference; explicitFileType = wrapper.cfbundle; includeInIndex = 0; path = "orii-projectTests.xctest"; sourceTree = BUILT_PRODUCTS_DIR; };
		AB51EAE22BC7B1360084FA77 /* orii_projectTests.swift */ = {isa = PBXFileReference; lastKnownFileType = sourcecode.swift; path = orii_projectTests.swift; sourceTree = "<group>"; };
		AB51EAE82BC7B1360084FA77 /* orii-projectUITests.xctest */ = {isa = PBXFileReference; explicitFileType = wrapper.cfbundle; includeInIndex = 0; path = "orii-projectUITests.xctest"; sourceTree = BUILT_PRODUCTS_DIR; };
		AB51EAEC2BC7B1360084FA77 /* orii_projectUITests.swift */ = {isa = PBXFileReference; lastKnownFileType = sourcecode.swift; path = orii_projectUITests.swift; sourceTree = "<group>"; };
		AB51EAEE2BC7B1360084FA77 /* orii_projectUITestsLaunchTests.swift */ = {isa = PBXFileReference; lastKnownFileType = sourcecode.swift; path = orii_projectUITestsLaunchTests.swift; sourceTree = "<group>"; };
		AB51EAFB2BC8E69F0084FA77 /* FileManger.swift */ = {isa = PBXFileReference; lastKnownFileType = sourcecode.swift; path = FileManger.swift; sourceTree = "<group>"; };
		AB51EAFD2BC8E6AA0084FA77 /* Sensor.swift */ = {isa = PBXFileReference; lastKnownFileType = sourcecode.swift; path = Sensor.swift; sourceTree = "<group>"; };
		AB51EB012BC90D270084FA77 /* Info.plist */ = {isa = PBXFileReference; lastKnownFileType = text.plist; path = Info.plist; sourceTree = "<group>"; };
/* End PBXFileReference section */

/* Begin PBXFrameworksBuildPhase section */
		AB51EACB2BC7B1350084FA77 /* Frameworks */ = {
			isa = PBXFrameworksBuildPhase;
			buildActionMask = 2147483647;
			files = (
			);
			runOnlyForDeploymentPostprocessing = 0;
		};
		AB51EADB2BC7B1360084FA77 /* Frameworks */ = {
			isa = PBXFrameworksBuildPhase;
			buildActionMask = 2147483647;
			files = (
			);
			runOnlyForDeploymentPostprocessing = 0;
		};
		AB51EAE52BC7B1360084FA77 /* Frameworks */ = {
			isa = PBXFrameworksBuildPhase;
			buildActionMask = 2147483647;
			files = (
			);
			runOnlyForDeploymentPostprocessing = 0;
		};
/* End PBXFrameworksBuildPhase section */

/* Begin PBXGroup section */
		AB51EAC52BC7B1350084FA77 = {
			isa = PBXGroup;
			children = (
				AB51EAD02BC7B1350084FA77 /* orii-project */,
				AB51EAE12BC7B1360084FA77 /* orii-projectTests */,
				AB51EAEB2BC7B1360084FA77 /* orii-projectUITests */,
				AB51EACF2BC7B1350084FA77 /* Products */,
			);
			sourceTree = "<group>";
		};
		AB51EACF2BC7B1350084FA77 /* Products */ = {
			isa = PBXGroup;
			children = (
				AB51EACE2BC7B1350084FA77 /* orii-project.app */,
				AB51EADE2BC7B1360084FA77 /* orii-projectTests.xctest */,
				AB51EAE82BC7B1360084FA77 /* orii-projectUITests.xctest */,
			);
			name = Products;
			sourceTree = "<group>";
		};
		AB51EAD02BC7B1350084FA77 /* orii-project */ = {
			isa = PBXGroup;
			children = (
				AB51EAD12BC7B1350084FA77 /* orii_projectApp.swift */,
				AB51EAFD2BC8E6AA0084FA77 /* Sensor.swift */,
				AB51EAFB2BC8E69F0084FA77 /* FileManger.swift */,
				AB51EAD32BC7B1350084FA77 /* ContentView.swift */,
				AB51EAD52BC7B1360084FA77 /* Assets.xcassets */,
				AB51EAD72BC7B1360084FA77 /* Preview Content */,
			);
			path = "orii-project";
			sourceTree = "<group>";
		};
		AB51EAD72BC7B1360084FA77 /* Preview Content */ = {
			isa = PBXGroup;
			children = (
				AB51EAD82BC7B1360084FA77 /* Preview Assets.xcassets */,
			);
			path = "Preview Content";
			sourceTree = "<group>";
		};
		AB51EAE12BC7B1360084FA77 /* orii-projectTests */ = {
			isa = PBXGroup;
			children = (
				AB51EAE22BC7B1360084FA77 /* orii_projectTests.swift */,
			);
			path = "orii-projectTests";
			sourceTree = "<group>";
		};
		AB51EAEB2BC7B1360084FA77 /* orii-projectUITests */ = {
			isa = PBXGroup;
			children = (
				AB51EB012BC90D270084FA77 /* Info.plist */,
				AB51EAEC2BC7B1360084FA77 /* orii_projectUITests.swift */,
				AB51EAEE2BC7B1360084FA77 /* orii_projectUITestsLaunchTests.swift */,
			);
			path = "orii-projectUITests";
			sourceTree = "<group>";
		};
/* End PBXGroup section */

/* Begin PBXNativeTarget section */
		AB51EACD2BC7B1350084FA77 /* orii-project */ = {
			isa = PBXNativeTarget;
			buildConfigurationList = AB51EAF22BC7B1360084FA77 /* Build configuration list for PBXNativeTarget "orii-project" */;
			buildPhases = (
				AB51EACA2BC7B1350084FA77 /* Sources */,
				AB51EACB2BC7B1350084FA77 /* Frameworks */,
				AB51EACC2BC7B1350084FA77 /* Resources */,
			);
			buildRules = (
			);
			dependencies = (
			);
			name = "orii-project";
			productName = "orii-project";
			productReference = AB51EACE2BC7B1350084FA77 /* orii-project.app */;
			productType = "com.apple.product-type.application";
		};
		AB51EADD2BC7B1360084FA77 /* orii-projectTests */ = {
			isa = PBXNativeTarget;
			buildConfigurationList = AB51EAF52BC7B1360084FA77 /* Build configuration list for PBXNativeTarget "orii-projectTests" */;
			buildPhases = (
				AB51EADA2BC7B1360084FA77 /* Sources */,
				AB51EADB2BC7B1360084FA77 /* Frameworks */,
				AB51EADC2BC7B1360084FA77 /* Resources */,
			);
			buildRules = (
			);
			dependencies = (
				AB51EAE02BC7B1360084FA77 /* PBXTargetDependency */,
			);
			name = "orii-projectTests";
			productName = "orii-projectTests";
			productReference = AB51EADE2BC7B1360084FA77 /* orii-projectTests.xctest */;
			productType = "com.apple.product-type.bundle.unit-test";
		};
		AB51EAE72BC7B1360084FA77 /* orii-projectUITests */ = {
			isa = PBXNativeTarget;
			buildConfigurationList = AB51EAF82BC7B1360084FA77 /* Build configuration list for PBXNativeTarget "orii-projectUITests" */;
			buildPhases = (
				AB51EAE42BC7B1360084FA77 /* Sources */,
				AB51EAE52BC7B1360084FA77 /* Frameworks */,
				AB51EAE62BC7B1360084FA77 /* Resources */,
			);
			buildRules = (
			);
			dependencies = (
				AB51EAEA2BC7B1360084FA77 /* PBXTargetDependency */,
			);
			name = "orii-projectUITests";
			productName = "orii-projectUITests";
			productReference = AB51EAE82BC7B1360084FA77 /* orii-projectUITests.xctest */;
			productType = "com.apple.product-type.bundle.ui-testing";
		};
/* End PBXNativeTarget section */

/* Begin PBXProject section */
		AB51EAC62BC7B1350084FA77 /* Project object */ = {
			isa = PBXProject;
			attributes = {
				BuildIndependentTargetsInParallel = 1;
				LastSwiftUpdateCheck = 1530;
				LastUpgradeCheck = 1530;
				TargetAttributes = {
					AB51EACD2BC7B1350084FA77 = {
						CreatedOnToolsVersion = 15.3;
					};
					AB51EADD2BC7B1360084FA77 = {
						CreatedOnToolsVersion = 15.3;
						TestTargetID = AB51EACD2BC7B1350084FA77;
					};
					AB51EAE72BC7B1360084FA77 = {
						CreatedOnToolsVersion = 15.3;
						TestTargetID = AB51EACD2BC7B1350084FA77;
					};
				};
			};
			buildConfigurationList = AB51EAC92BC7B1350084FA77 /* Build configuration list for PBXProject "orii-project" */;
			compatibilityVersion = "Xcode 14.0";
			developmentRegion = en;
			hasScannedForEncodings = 0;
			knownRegions = (
				en,
				Base,
			);
			mainGroup = AB51EAC52BC7B1350084FA77;
			productRefGroup = AB51EACF2BC7B1350084FA77 /* Products */;
			projectDirPath = "";
			projectRoot = "";
			targets = (
				AB51EACD2BC7B1350084FA77 /* orii-project */,
				AB51EADD2BC7B1360084FA77 /* orii-projectTests */,
				AB51EAE72BC7B1360084FA77 /* orii-projectUITests */,
			);
		};
/* End PBXProject section */

/* Begin PBXResourcesBuildPhase section */
		AB51EACC2BC7B1350084FA77 /* Resources */ = {
			isa = PBXResourcesBuildPhase;
			buildActionMask = 2147483647;
			files = (
				AB51EAD92BC7B1360084FA77 /* Preview Assets.xcassets in Resources */,
				AB51EAD62BC7B1360084FA77 /* Assets.xcassets in Resources */,
			);
			runOnlyForDeploymentPostprocessing = 0;
		};
		AB51EADC2BC7B1360084FA77 /* Resources */ = {
			isa = PBXResourcesBuildPhase;
			buildActionMask = 2147483647;
			files = (
			);
			runOnlyForDeploymentPostprocessing = 0;
		};
		AB51EAE62BC7B1360084FA77 /* Resources */ = {
			isa = PBXResourcesBuildPhase;
			buildActionMask = 2147483647;
			files = (
			);
			runOnlyForDeploymentPostprocessing = 0;
		};
/* End PBXResourcesBuildPhase section */

/* Begin PBXSourcesBuildPhase section */
		AB51EACA2BC7B1350084FA77 /* Sources */ = {
			isa = PBXSourcesBuildPhase;
			buildActionMask = 2147483647;
			files = (
				AB51EAD42BC7B1350084FA77 /* ContentView.swift in Sources */,
				AB51EAFC2BC8E69F0084FA77 /* FileManger.swift in Sources */,
				AB51EAD22BC7B1350084FA77 /* orii_projectApp.swift in Sources */,
				AB51EAFE2BC8E6AA0084FA77 /* Sensor.swift in Sources */,
			);
			runOnlyForDeploymentPostprocessing = 0;
		};
		AB51EADA2BC7B1360084FA77 /* Sources */ = {
			isa = PBXSourcesBuildPhase;
			buildActionMask = 2147483647;
			files = (
				AB51EAE32BC7B1360084FA77 /* orii_projectTests.swift in Sources */,
			);
			runOnlyForDeploymentPostprocessing = 0;
		};
		AB51EAE42BC7B1360084FA77 /* Sources */ = {
			isa = PBXSourcesBuildPhase;
			buildActionMask = 2147483647;
			files = (
				AB51EAED2BC7B1360084FA77 /* orii_projectUITests.swift in Sources */,
				AB51EAEF2BC7B1360084FA77 /* orii_projectUITestsLaunchTests.swift in Sources */,
			);
			runOnlyForDeploymentPostprocessing = 0;
		};
/* End PBXSourcesBuildPhase section */

/* Begin PBXTargetDependency section */
		AB51EAE02BC7B1360084FA77 /* PBXTargetDependency */ = {
			isa = PBXTargetDependency;
			target = AB51EACD2BC7B1350084FA77 /* orii-project */;
			targetProxy = AB51EADF2BC7B1360084FA77 /* PBXContainerItemProxy */;
		};
		AB51EAEA2BC7B1360084FA77 /* PBXTargetDependency */ = {
			isa = PBXTargetDependency;
			target = AB51EACD2BC7B1350084FA77 /* orii-project */;
			targetProxy = AB51EAE92BC7B1360084FA77 /* PBXContainerItemProxy */;
		};
/* End PBXTargetDependency section */

/* Begin XCBuildConfiguration section */
		AB51EAF02BC7B1360084FA77 /* Debug */ = {
			isa = XCBuildConfiguration;
			buildSettings = {
				ALWAYS_SEARCH_USER_PATHS = NO;
				ASSETCATALOG_COMPILER_GENERATE_SWIFT_ASSET_SYMBOL_EXTENSIONS = YES;
				CLANG_ANALYZER_NONNULL = YES;
				CLANG_ANALYZER_NUMBER_OBJECT_CONVERSION = YES_AGGRESSIVE;
				CLANG_CXX_LANGUAGE_STANDARD = "gnu++20";
				CLANG_ENABLE_MODULES = YES;
				CLANG_ENABLE_OBJC_ARC = YES;
				CLANG_ENABLE_OBJC_WEAK = YES;
				CLANG_WARN_BLOCK_CAPTURE_AUTORELEASING = YES;
				CLANG_WARN_BOOL_CONVERSION = YES;
				CLANG_WARN_COMMA = YES;
				CLANG_WARN_CONSTANT_CONVERSION = YES;
				CLANG_WARN_DEPRECATED_OBJC_IMPLEMENTATIONS = YES;
				CLANG_WARN_DIRECT_OBJC_ISA_USAGE = YES_ERROR;
				CLANG_WARN_DOCUMENTATION_COMMENTS = YES;
				CLANG_WARN_EMPTY_BODY = YES;
				CLANG_WARN_ENUM_CONVERSION = YES;
				CLANG_WARN_INFINITE_RECURSION = YES;
				CLANG_WARN_INT_CONVERSION = YES;
				CLANG_WARN_NON_LITERAL_NULL_CONVERSION = YES;
				CLANG_WARN_OBJC_IMPLICIT_RETAIN_SELF = YES;
				CLANG_WARN_OBJC_LITERAL_CONVERSION = YES;
				CLANG_WARN_OBJC_ROOT_CLASS = YES_ERROR;
				CLANG_WARN_QUOTED_INCLUDE_IN_FRAMEWORK_HEADER = YES;
				CLANG_WARN_RANGE_LOOP_ANALYSIS = YES;
				CLANG_WARN_STRICT_PROTOTYPES = YES;
				CLANG_WARN_SUSPICIOUS_MOVE = YES;
				CLANG_WARN_UNGUARDED_AVAILABILITY = YES_AGGRESSIVE;
				CLANG_WARN_UNREACHABLE_CODE = YES;
				CLANG_WARN__DUPLICATE_METHOD_MATCH = YES;
				COPY_PHASE_STRIP = NO;
				DEBUG_INFORMATION_FORMAT = dwarf;
				ENABLE_STRICT_OBJC_MSGSEND = YES;
				ENABLE_TESTABILITY = YES;
				ENABLE_USER_SCRIPT_SANDBOXING = YES;
				GCC_C_LANGUAGE_STANDARD = gnu17;
				GCC_DYNAMIC_NO_PIC = NO;
				GCC_NO_COMMON_BLOCKS = YES;
				GCC_OPTIMIZATION_LEVEL = 0;
				GCC_PREPROCESSOR_DEFINITIONS = (
					"DEBUG=1",
					"$(inherited)",
				);
				GCC_WARN_64_TO_32_BIT_CONVERSION = YES;
				GCC_WARN_ABOUT_RETURN_TYPE = YES_ERROR;
				GCC_WARN_UNDECLARED_SELECTOR = YES;
				GCC_WARN_UNINITIALIZED_AUTOS = YES_AGGRESSIVE;
				GCC_WARN_UNUSED_FUNCTION = YES;
				GCC_WARN_UNUSED_VARIABLE = YES;
				IPHONEOS_DEPLOYMENT_TARGET = 17.4;
				LOCALIZATION_PREFERS_STRING_CATALOGS = YES;
				MTL_ENABLE_DEBUG_INFO = INCLUDE_SOURCE;
				MTL_FAST_MATH = YES;
				ONLY_ACTIVE_ARCH = YES;
				SDKROOT = iphoneos;
				SWIFT_ACTIVE_COMPILATION_CONDITIONS = "DEBUG $(inherited)";
				SWIFT_OPTIMIZATION_LEVEL = "-Onone";
			};
			name = Debug;
		};
		AB51EAF12BC7B1360084FA77 /* Release */ = {
			isa = XCBuildConfiguration;
			buildSettings = {
				ALWAYS_SEARCH_USER_PATHS = NO;
				ASSETCATALOG_COMPILER_GENERATE_SWIFT_ASSET_SYMBOL_EXTENSIONS = YES;
				CLANG_ANALYZER_NONNULL = YES;
				CLANG_ANALYZER_NUMBER_OBJECT_CONVERSION = YES_AGGRESSIVE;
				CLANG_CXX_LANGUAGE_STANDARD = "gnu++20";
				CLANG_ENABLE_MODULES = YES;
				CLANG_ENABLE_OBJC_ARC = YES;
				CLANG_ENABLE_OBJC_WEAK = YES;
				CLANG_WARN_BLOCK_CAPTURE_AUTORELEASING = YES;
				CLANG_WARN_BOOL_CONVERSION = YES;
				CLANG_WARN_COMMA = YES;
				CLANG_WARN_CONSTANT_CONVERSION = YES;
				CLANG_WARN_DEPRECATED_OBJC_IMPLEMENTATIONS = YES;
				CLANG_WARN_DIRECT_OBJC_ISA_USAGE = YES_ERROR;
				CLANG_WARN_DOCUMENTATION_COMMENTS = YES;
				CLANG_WARN_EMPTY_BODY = YES;
				CLANG_WARN_ENUM_CONVERSION = YES;
				CLANG_WARN_INFINITE_RECURSION = YES;
				CLANG_WARN_INT_CONVERSION = YES;
				CLANG_WARN_NON_LITERAL_NULL_CONVERSION = YES;
				CLANG_WARN_OBJC_IMPLICIT_RETAIN_SELF = YES;
				CLANG_WARN_OBJC_LITERAL_CONVERSION = YES;
				CLANG_WARN_OBJC_ROOT_CLASS = YES_ERROR;
				CLANG_WARN_QUOTED_INCLUDE_IN_FRAMEWORK_HEADER = YES;
				CLANG_WARN_RANGE_LOOP_ANALYSIS = YES;
				CLANG_WARN_STRICT_PROTOTYPES = YES;
				CLANG_WARN_SUSPICIOUS_MOVE = YES;
				CLANG_WARN_UNGUARDED_AVAILABILITY = YES_AGGRESSIVE;
				CLANG_WARN_UNREACHABLE_CODE = YES;
				CLANG_WARN__DUPLICATE_METHOD_MATCH = YES;
				COPY_PHASE_STRIP = NO;
				DEBUG_INFORMATION_FORMAT = "dwarf-with-dsym";
				ENABLE_NS_ASSERTIONS = NO;
				ENABLE_STRICT_OBJC_MSGSEND = YES;
				ENABLE_USER_SCRIPT_SANDBOXING = YES;
				GCC_C_LANGUAGE_STANDARD = gnu17;
				GCC_NO_COMMON_BLOCKS = YES;
				GCC_WARN_64_TO_32_BIT_CONVERSION = YES;
				GCC_WARN_ABOUT_RETURN_TYPE = YES_ERROR;
				GCC_WARN_UNDECLARED_SELECTOR = YES;
				GCC_WARN_UNINITIALIZED_AUTOS = YES_AGGRESSIVE;
				GCC_WARN_UNUSED_FUNCTION = YES;
				GCC_WARN_UNUSED_VARIABLE = YES;
				IPHONEOS_DEPLOYMENT_TARGET = 17.4;
				LOCALIZATION_PREFERS_STRING_CATALOGS = YES;
				MTL_ENABLE_DEBUG_INFO = NO;
				MTL_FAST_MATH = YES;
				SDKROOT = iphoneos;
				SWIFT_COMPILATION_MODE = wholemodule;
				VALIDATE_PRODUCT = YES;
			};
			name = Release;
		};
		AB51EAF32BC7B1360084FA77 /* Debug */ = {
			isa = XCBuildConfiguration;
			buildSettings = {
				ASSETCATALOG_COMPILER_APPICON_NAME = AppIcon;
				ASSETCATALOG_COMPILER_GLOBAL_ACCENT_COLOR_NAME = AccentColor;
				CODE_SIGN_STYLE = Automatic;
				CURRENT_PROJECT_VERSION = 1;
				DEVELOPMENT_ASSET_PATHS = "\"orii-project/Preview Content\"";
				DEVELOPMENT_TEAM = NG9A57B5VW;
				ENABLE_PREVIEWS = YES;
				GENERATE_INFOPLIST_FILE = YES;
				INFOPLIST_KEY_UIApplicationSceneManifest_Generation = YES;
				INFOPLIST_KEY_UIApplicationSupportsIndirectInputEvents = YES;
				INFOPLIST_KEY_UILaunchScreen_Generation = YES;
				INFOPLIST_KEY_UISupportedInterfaceOrientations_iPad = "UIInterfaceOrientationPortrait UIInterfaceOrientationPortraitUpsideDown UIInterfaceOrientationLandscapeLeft UIInterfaceOrientationLandscapeRight";
				INFOPLIST_KEY_UISupportedInterfaceOrientations_iPhone = "UIInterfaceOrientationPortrait UIInterfaceOrientationLandscapeLeft UIInterfaceOrientationLandscapeRight";
				IPHONEOS_DEPLOYMENT_TARGET = 17.3;
				LD_RUNPATH_SEARCH_PATHS = (
					"$(inherited)",
					"@executable_path/Frameworks",
				);
				MARKETING_VERSION = 1.0;
				PRODUCT_BUNDLE_IDENTIFIER = "shirane.orii-project";
				PRODUCT_NAME = "$(TARGET_NAME)";
				SWIFT_EMIT_LOC_STRINGS = YES;
				SWIFT_VERSION = 5.0;
				TARGETED_DEVICE_FAMILY = "1,2";
			};
			name = Debug;
		};
		AB51EAF42BC7B1360084FA77 /* Release */ = {
			isa = XCBuildConfiguration;
			buildSettings = {
				ASSETCATALOG_COMPILER_APPICON_NAME = AppIcon;
				ASSETCATALOG_COMPILER_GLOBAL_ACCENT_COLOR_NAME = AccentColor;
				CODE_SIGN_STYLE = Automatic;
				CURRENT_PROJECT_VERSION = 1;
				DEVELOPMENT_ASSET_PATHS = "\"orii-project/Preview Content\"";
				DEVELOPMENT_TEAM = NG9A57B5VW;
				ENABLE_PREVIEWS = YES;
				GENERATE_INFOPLIST_FILE = YES;
				INFOPLIST_KEY_UIApplicationSceneManifest_Generation = YES;
				INFOPLIST_KEY_UIApplicationSupportsIndirectInputEvents = YES;
				INFOPLIST_KEY_UILaunchScreen_Generation = YES;
				INFOPLIST_KEY_UISupportedInterfaceOrientations_iPad = "UIInterfaceOrientationPortrait UIInterfaceOrientationPortraitUpsideDown UIInterfaceOrientationLandscapeLeft UIInterfaceOrientationLandscapeRight";
				INFOPLIST_KEY_UISupportedInterfaceOrientations_iPhone = "UIInterfaceOrientationPortrait UIInterfaceOrientationLandscapeLeft UIInterfaceOrientationLandscapeRight";
				IPHONEOS_DEPLOYMENT_TARGET = 17.3;
				LD_RUNPATH_SEARCH_PATHS = (
					"$(inherited)",
					"@executable_path/Frameworks",
				);
				MARKETING_VERSION = 1.0;
				PRODUCT_BUNDLE_IDENTIFIER = "shirane.orii-project";
				PRODUCT_NAME = "$(TARGET_NAME)";
				SWIFT_EMIT_LOC_STRINGS = YES;
				SWIFT_VERSION = 5.0;
				TARGETED_DEVICE_FAMILY = "1,2";
			};
			name = Release;
		};
		AB51EAF62BC7B1360084FA77 /* Debug */ = {
			isa = XCBuildConfiguration;
			buildSettings = {
				ALWAYS_EMBED_SWIFT_STANDARD_LIBRARIES = YES;
				BUNDLE_LOADER = "$(TEST_HOST)";
				CODE_SIGN_STYLE = Automatic;
				CURRENT_PROJECT_VERSION = 1;
				DEVELOPMENT_TEAM = NG9A57B5VW;
				GENERATE_INFOPLIST_FILE = YES;
				IPHONEOS_DEPLOYMENT_TARGET = 17.3;
				MARKETING_VERSION = 1.0;
				PRODUCT_BUNDLE_IDENTIFIER = "shirane.orii-projectTests";
				PRODUCT_NAME = "$(TARGET_NAME)";
				SWIFT_EMIT_LOC_STRINGS = NO;
				SWIFT_VERSION = 5.0;
				TARGETED_DEVICE_FAMILY = "1,2";
				TEST_HOST = "$(BUILT_PRODUCTS_DIR)/orii-project.app/$(BUNDLE_EXECUTABLE_FOLDER_PATH)/orii-project";
			};
			name = Debug;
		};
		AB51EAF72BC7B1360084FA77 /* Release */ = {
			isa = XCBuildConfiguration;
			buildSettings = {
				ALWAYS_EMBED_SWIFT_STANDARD_LIBRARIES = YES;
				BUNDLE_LOADER = "$(TEST_HOST)";
				CODE_SIGN_STYLE = Automatic;
				CURRENT_PROJECT_VERSION = 1;
				DEVELOPMENT_TEAM = NG9A57B5VW;
				GENERATE_INFOPLIST_FILE = YES;
				IPHONEOS_DEPLOYMENT_TARGET = 17.3;
				MARKETING_VERSION = 1.0;
				PRODUCT_BUNDLE_IDENTIFIER = "shirane.orii-projectTests";
				PRODUCT_NAME = "$(TARGET_NAME)";
				SWIFT_EMIT_LOC_STRINGS = NO;
				SWIFT_VERSION = 5.0;
				TARGETED_DEVICE_FAMILY = "1,2";
				TEST_HOST = "$(BUILT_PRODUCTS_DIR)/orii-project.app/$(BUNDLE_EXECUTABLE_FOLDER_PATH)/orii-project";
			};
			name = Release;
		};
		AB51EAF92BC7B1360084FA77 /* Debug */ = {
			isa = XCBuildConfiguration;
			buildSettings = {
				ALWAYS_EMBED_SWIFT_STANDARD_LIBRARIES = YES;
				CODE_SIGN_STYLE = Automatic;
				CURRENT_PROJECT_VERSION = 1;
				DEVELOPMENT_TEAM = NG9A57B5VW;
				GENERATE_INFOPLIST_FILE = YES;
				INFOPLIST_FILE = "orii-projectUITests/Info.plist";
				INFOPLIST_KEY_LSApplicationCategoryType = "";
				INFOPLIST_KEY_NSLocationUsageDescription = "";
				INFOPLIST_KEY_NSMotionUsageDescription = "";
				IPHONEOS_DEPLOYMENT_TARGET = 17.3;
				MARKETING_VERSION = 1.0;
				PRODUCT_BUNDLE_IDENTIFIER = "shirane.orii-projectUITests";
				PRODUCT_NAME = "$(TARGET_NAME)";
				SWIFT_EMIT_LOC_STRINGS = NO;
				SWIFT_VERSION = 5.0;
				TARGETED_DEVICE_FAMILY = "1,2";
				TEST_TARGET_NAME = "orii-project";
			};
			name = Debug;
		};
		AB51EAFA2BC7B1360084FA77 /* Release */ = {
			isa = XCBuildConfiguration;
			buildSettings = {
				ALWAYS_EMBED_SWIFT_STANDARD_LIBRARIES = YES;
				CODE_SIGN_STYLE = Automatic;
				CURRENT_PROJECT_VERSION = 1;
				DEVELOPMENT_TEAM = NG9A57B5VW;
				GENERATE_INFOPLIST_FILE = YES;
				INFOPLIST_FILE = "orii-projectUITests/Info.plist";
				INFOPLIST_KEY_LSApplicationCategoryType = "";
				INFOPLIST_KEY_NSLocationUsageDescription = "";
				INFOPLIST_KEY_NSMotionUsageDescription = "";
				IPHONEOS_DEPLOYMENT_TARGET = 17.3;
				MARKETING_VERSION = 1.0;
				PRODUCT_BUNDLE_IDENTIFIER = "shirane.orii-projectUITests";
				PRODUCT_NAME = "$(TARGET_NAME)";
				SWIFT_EMIT_LOC_STRINGS = NO;
				SWIFT_VERSION = 5.0;
				TARGETED_DEVICE_FAMILY = "1,2";
				TEST_TARGET_NAME = "orii-project";
			};
			name = Release;
		};
/* End XCBuildConfiguration section */

/* Begin XCConfigurationList section */
		AB51EAC92BC7B1350084FA77 /* Build configuration list for PBXProject "orii-project" */ = {
			isa = XCConfigurationList;
			buildConfigurations = (
				AB51EAF02BC7B1360084FA77 /* Debug */,
				AB51EAF12BC7B1360084FA77 /* Release */,
			);
			defaultConfigurationIsVisible = 0;
			defaultConfigurationName = Release;
		};
		AB51EAF22BC7B1360084FA77 /* Build configuration list for PBXNativeTarget "orii-project" */ = {
			isa = XCConfigurationList;
			buildConfigurations = (
				AB51EAF32BC7B1360084FA77 /* Debug */,
				AB51EAF42BC7B1360084FA77 /* Release */,
			);
			defaultConfigurationIsVisible = 0;
			defaultConfigurationName = Release;
		};
		AB51EAF52BC7B1360084FA77 /* Build configuration list for PBXNativeTarget "orii-projectTests" */ = {
			isa = XCConfigurationList;
			buildConfigurations = (
				AB51EAF62BC7B1360084FA77 /* Debug */,
				AB51EAF72BC7B1360084FA77 /* Release */,
			);
			defaultConfigurationIsVisible = 0;
			defaultConfigurationName = Release;
		};
		AB51EAF82BC7B1360084FA77 /* Build configuration list for PBXNativeTarget "orii-projectUITests" */ = {
			isa = XCConfigurationList;
			buildConfigurations = (
				AB51EAF92BC7B1360084FA77 /* Debug */,
				AB51EAFA2BC7B1360084FA77 /* Release */,
			);
			defaultConfigurationIsVisible = 0;
			defaultConfigurationName = Release;
		};
/* End XCConfigurationList section */
	};
	rootObject = AB51EAC62BC7B1350084FA77 /* Project object */;
}
